
Microsoft Visual Studio Solution File, Format Version 12.00
# Visual Studio Version 17
VisualStudioVersion = 17.14.36310.24 d17.14
MinimumVisualStudioVersion = 10.0.40219.1
Project("{FAE04EC0-301F-11D3-BF4B-00C04F79EFBC}") = "AssOOP2", "AssOOP2.csproj", "{C466B023-041D-4315-A623-D5A1B17AFB5C}"
EndProject
Global
	GlobalSection(SolutionConfigurationPlatforms) = preSolution
		Debug|Any CPU = Debug|Any CPU
		Release|Any CPU = Release|Any CPU
	EndGlobalSection
	GlobalSection(ProjectConfigurationPlatforms) = postSolution
		{C466B023-041D-4315-A623-D5A1B17AFB5C}.Debug|Any CPU.ActiveCfg = Debug|Any CPU
		{C466B023-041D-4315-A623-D5A1B17AFB5C}.Debug|Any CPU.Build.0 = Debug|Any CPU
		{C466B023-041D-4315-A623-D5A1B17AFB5C}.Release|Any CPU.ActiveCfg = Release|Any CPU
		{C466B023-041D-4315-A623-D5A1B17AFB5C}.Release|Any CPU.Build.0 = Release|Any CPU
	EndGlobalSection
	GlobalSection(SolutionProperties) = preSolution
		HideSolutionNode = FALSE
	EndGlobalSection
	GlobalSection(ExtensibilityGlobals) = postSolution
		SolutionGuid = {2720E8F0-3F70-4102-BFCE-F73E4645390F}
	EndGlobalSection
EndGlobal
